{
  "name": "cairn",
  "lockfileVersion": 3,
  "requires": true,
  "packages": {
    "": {
      "name": "cairn",
      "dependencies": {
        "devtools-protocol": "^0.0.1578551"
      },
      "engines": {
        "node": ">=18"
      }
    },
    "node_modules/devtools-protocol": {
      "version": "0.0.1578551",
      "resolved": "https://registry.npmjs.org/devtools-protocol/-/devtools-protocol-0.0.1578551.tgz",
      "integrity": "sha512-9slQ5asvvzErB0gdwgqe0y7BkEUyny2b5/R9YKqqkG7iPoGYoCkh5bjlpxt1/0dy2EEW03StBzK0AaKPLYM57w==",
      "license": "BSD-3-Clause"
    }
  }
}
